{
  "nodes": {
    "ani-cli": {
      "flake": false,
      "locked": {
        "lastModified": 1640255632,
        "narHash": "sha256-HLdeJr4vtXrGvc8uGe4q5E8D86zCPt8MLqAtlM1hxso=",
        "owner": "pystardust",
        "repo": "ani-cli",
        "rev": "518e3066556d7e0ce8d17e1867a6bcbf9a013d71",
        "type": "github"
      },
      "original": {
        "owner": "pystardust",
        "repo": "ani-cli",
        "type": "github"
      }
    },
    "awesome-copycats": {
      "flake": false,
      "locked": {
        "lastModified": 1637679295,
        "narHash": "sha256-xo3dt8WcelmiUxRd25hm/8xQI+URfTlR2OOMNFiv3Gs=",
        "owner": "lcpz",
        "repo": "awesome-copycats",
        "rev": "b514124f3822cbe45b8ad9afea2a4278dbb5daa2",
        "type": "github"
      },
      "original": {
        "owner": "lcpz",
        "repo": "awesome-copycats",
        "type": "github"
      }
    },
    "awesome-sharedtags": {
      "flake": false,
      "locked": {
        "lastModified": 1611997888,
        "narHash": "sha256-3cX1uNRgwXJPUKm4lOQPGKuzaRLOHOlqixsiwg/f+Tg=",
        "owner": "Drauthius",
        "repo": "awesome-sharedtags",
        "rev": "9cf8f90004f37d7987e2cd4d82b8456deed9ef85",
        "type": "github"
      },
      "original": {
        "owner": "Drauthius",
        "ref": "v4.0",
        "repo": "awesome-sharedtags",
        "type": "github"
      }
    },
    "bumblebee-status": {
      "flake": false,
      "locked": {
        "lastModified": 1593454044,
        "narHash": "sha256-oedFzB/eDn0HKq8+hkv0naXDT5RiTit7Rl0YGTHIG8U=",
        "owner": "tobi-wan-kenobi",
        "repo": "bumblebee-status",
        "rev": "227a23fdb539ff4170e747add2d594e860c0c801",
        "type": "github"
      },
      "original": {
        "owner": "tobi-wan-kenobi",
        "ref": "v2.0.5",
        "repo": "bumblebee-status",
        "type": "github"
      }
    },
    "chemacs": {
      "flake": false,
      "locked": {
        "lastModified": 1621609489,
        "narHash": "sha256-uAEAu7RJdxRKMn51eTytGO4KPMy5IolOS5Ow3oxS5L0=",
        "owner": "plexus",
        "repo": "chemacs2",
        "rev": "ef82118824fac2b2363d3171d26acbabe1738326",
        "type": "github"
      },
      "original": {
        "owner": "plexus",
        "repo": "chemacs2",
        "type": "github"
      }
    },
    "credentials": {
      "flake": false,
      "locked": {
        "lastModified": 1633429412,
        "narHash": "sha256-Ai0XCxuhzmNKMXhZN3dj7JnlNKh7ymtJ+CcdbRvoeEw=",
        "ref": "master",
        "rev": "4b56806a620a6674b9619e69038e156189ef6614",
        "revCount": 3,
        "type": "git",
        "url": "file:///home/adomas/credentials-nix"
      },
      "original": {
        "type": "git",
        "url": "file:///home/adomas/credentials-nix"
      }
    },
    "doom-emacs": {
      "flake": false,
      "locked": {
        "lastModified": 1626604817,
        "narHash": "sha256-z+dvjB02cHU+VQ5EMkzqSdX817PZar9AkmmfK27q0vo=",
        "owner": "hlissner",
        "repo": "doom-emacs",
        "rev": "46732c0adaef147144418f9f284ca6b1183ab96f",
        "type": "github"
      },
      "original": {
        "owner": "hlissner",
        "ref": "develop",
        "repo": "doom-emacs",
        "type": "github"
      }
    },
    "doom-snippets": {
      "flake": false,
      "locked": {
        "lastModified": 1625547004,
        "narHash": "sha256-V+ytAjB4ZZ+5dJJAu1OY7SbnqrokX5PVBWs0AsgQ8Vs=",
        "owner": "hlissner",
        "repo": "doom-snippets",
        "rev": "5c0eb5bd70f035cefb981c2ce64f4367498bdda6",
        "type": "github"
      },
      "original": {
        "owner": "hlissner",
        "repo": "doom-snippets",
        "type": "github"
      }
    },
    "emacs-overlay": {
      "locked": {
        "lastModified": 1640256373,
        "narHash": "sha256-ipzq2W+905/qFEkPcgJoSg7jUDbp9J8F7IEAL7xqE0A=",
        "owner": "nix-community",
        "repo": "emacs-overlay",
        "rev": "abce25bc28ffff32f6beb7b3072753116a2b7fcf",
        "type": "github"
      },
      "original": {
        "owner": "nix-community",
        "repo": "emacs-overlay",
        "type": "github"
      }
    },
    "emacs-overlay_2": {
      "flake": false,
      "locked": {
        "lastModified": 1626972035,
        "narHash": "sha256-YhBtnKmLDYiEzP5ZEMEQMg6oMP5EV+ToCkku7ZYfL+A=",
        "owner": "nix-community",
        "repo": "emacs-overlay",
        "rev": "be04b45efb35db58e6ac6aa86b84f850c85b5dfe",
        "type": "github"
      },
      "original": {
        "owner": "nix-community",
        "repo": "emacs-overlay",
        "type": "github"
      }
    },
    "emacs-so-long": {
      "flake": false,
      "locked": {
        "lastModified": 1575031854,
        "narHash": "sha256-xIa5zO0ZaToDrec1OFjBK6l39AbA4l/CE4LInVu2hi0=",
        "owner": "hlissner",
        "repo": "emacs-so-long",
        "rev": "ed666b0716f60e8988c455804de24b55919e71ca",
        "type": "github"
      },
      "original": {
        "owner": "hlissner",
        "repo": "emacs-so-long",
        "type": "github"
      }
    },
    "evil-markdown": {
      "flake": false,
      "locked": {
        "lastModified": 1626852210,
        "narHash": "sha256-HBBuZ1VWIn6kwK5CtGIvHM1+9eiNiKPH0GUsyvpUVN8=",
        "owner": "Somelauw",
        "repo": "evil-markdown",
        "rev": "8e6cc68af83914b2fa9fd3a3b8472573dbcef477",
        "type": "github"
      },
      "original": {
        "owner": "Somelauw",
        "repo": "evil-markdown",
        "type": "github"
      }
    },
    "evil-org-mode": {
      "flake": false,
      "locked": {
        "lastModified": 1607203864,
        "narHash": "sha256-JxwqVYDN6OIJEH15MVI6XOZAPtUWUhJQWHyzcrUvrFg=",
        "owner": "hlissner",
        "repo": "evil-org-mode",
        "rev": "a9706da260c45b98601bcd72b1d2c0a24a017700",
        "type": "github"
      },
      "original": {
        "owner": "hlissner",
        "repo": "evil-org-mode",
        "type": "github"
      }
    },
    "evil-quick-diff": {
      "flake": false,
      "locked": {
        "lastModified": 1575189609,
        "narHash": "sha256-oGzl1ayW9rIuq0haoiFS7RZsS8NFMdEA7K1BSozgnJU=",
        "owner": "rgrinberg",
        "repo": "evil-quick-diff",
        "rev": "69c883720b30a892c63bc89f49d4f0e8b8028908",
        "type": "github"
      },
      "original": {
        "owner": "rgrinberg",
        "repo": "evil-quick-diff",
        "type": "github"
      }
    },
    "explain-pause-mode": {
      "flake": false,
      "locked": {
        "lastModified": 1595842060,
        "narHash": "sha256-++znrjiDSx+cy4okFBBXUBkRFdtnE2x+trkmqjB3Njs=",
        "owner": "lastquestion",
        "repo": "explain-pause-mode",
        "rev": "2356c8c3639cbeeb9751744dbe737267849b4b51",
        "type": "github"
      },
      "original": {
        "owner": "lastquestion",
        "repo": "explain-pause-mode",
        "type": "github"
      }
    },
    "flake-compat": {
      "flake": false,
      "locked": {
        "lastModified": 1627913399,
        "narHash": "sha256-hY8g6H2KFL8ownSiFeMOjwPC8P0ueXpCVEbxgda3pko=",
        "owner": "edolstra",
        "repo": "flake-compat",
        "rev": "12c64ca55c1014cdc1b16ed5a804aa8576601ff2",
        "type": "github"
      },
      "original": {
        "owner": "edolstra",
        "repo": "flake-compat",
        "type": "github"
      }
    },
    "flake-utils": {
      "locked": {
        "lastModified": 1638122382,
        "narHash": "sha256-sQzZzAbvKEqN9s0bzWuYmRaA03v40gaJ4+iL1LXjaeI=",
        "owner": "numtide",
        "repo": "flake-utils",
        "rev": "74f7e4319258e287b0f9cb95426c9853b282730b",
        "type": "github"
      },
      "original": {
        "owner": "numtide",
        "repo": "flake-utils",
        "type": "github"
      }
    },
    "flake-utils_2": {
      "locked": {
        "lastModified": 1623875721,
        "narHash": "sha256-A8BU7bjS5GirpAUv4QA+QnJ4CceLHkcXdRp4xITDB0s=",
        "owner": "numtide",
        "repo": "flake-utils",
        "rev": "f7e004a55b120c02ecb6219596820fcd32ca8772",
        "type": "github"
      },
      "original": {
        "owner": "numtide",
        "repo": "flake-utils",
        "type": "github"
      }
    },
    "flake-utils_3": {
      "locked": {
        "lastModified": 1619345332,
        "narHash": "sha256-qHnQkEp1uklKTpx3MvKtY6xzgcqXDsz5nLilbbuL+3A=",
        "owner": "numtide",
        "repo": "flake-utils",
        "rev": "2ebf2558e5bf978c7fb8ea927dfaed8fefab2e28",
        "type": "github"
      },
      "original": {
        "owner": "numtide",
        "repo": "flake-utils",
        "type": "github"
      }
    },
    "fz": {
      "flake": false,
      "locked": {
        "lastModified": 1614850203,
        "narHash": "sha256-RAkhNAqMjNVCjwJ7Vca1CHO52392B4NZ1USNy5BQ4jk=",
        "owner": "changyuheng",
        "repo": "fz",
        "rev": "2a4c1bc73664bb938bfcc7c99f473d0065f9dbfd",
        "type": "github"
      },
      "original": {
        "owner": "changyuheng",
        "repo": "fz",
        "type": "github"
      }
    },
    "gitignore": {
      "inputs": {
        "nixpkgs": [
          "nixpkgs"
        ]
      },
      "locked": {
        "lastModified": 1635165013,
        "narHash": "sha256-o/BdVjNwcB6jOmzZjOH703BesSkkS5O7ej3xhyO8hAY=",
        "owner": "hercules-ci",
        "repo": "gitignore",
        "rev": "5b9e0ff9d3b551234b4f3eb3983744fa354b17f1",
        "type": "github"
      },
      "original": {
        "owner": "hercules-ci",
        "repo": "gitignore",
        "type": "github"
      }
    },
    "home-manager": {
      "inputs": {
        "nixpkgs": [
          "nixpkgs"
        ]
      },
      "locked": {
        "lastModified": 1640001503,
        "narHash": "sha256-L8qZQVScHTl+ljAI/g60w/5NpMgZeSRKzNj40MFohYA=",
        "owner": "adomixaszvers",
        "repo": "home-manager",
        "rev": "d0c6244377da9c0d0b5a2ef5e289a21ed04bde9e",
        "type": "github"
      },
      "original": {
        "owner": "adomixaszvers",
        "ref": "release-21.11",
        "repo": "home-manager",
        "type": "github"
      }
    },
    "kakoune-sudo-write": {
      "flake": false,
      "locked": {
        "lastModified": 1629101282,
        "narHash": "sha256-O+yw8upyYnQThDoWKnFbjrjthPTCm6EaBUoJNqpUPLA=",
        "owner": "occivink",
        "repo": "kakoune-sudo-write",
        "rev": "ec0d6d26ceaadd93d6824630ba587b31e442214d",
        "type": "github"
      },
      "original": {
        "owner": "occivink",
        "repo": "kakoune-sudo-write",
        "type": "github"
      }
    },
    "kakoune-text-objects": {
      "flake": false,
      "locked": {
        "lastModified": 1628261929,
        "narHash": "sha256-kuef+hxz/QisHL1UL6XKMcPq+OAq09wUT8thDhqee8Q=",
        "owner": "Delapouite",
        "repo": "kakoune-text-objects",
        "rev": "da9a268c3f239e40e0ca4665faa17f709563795b",
        "type": "github"
      },
      "original": {
        "owner": "Delapouite",
        "repo": "kakoune-text-objects",
        "type": "github"
      }
    },
    "nix-doom-emacs": {
      "inputs": {
        "doom-emacs": "doom-emacs",
        "doom-snippets": "doom-snippets",
        "emacs-overlay": "emacs-overlay_2",
        "emacs-so-long": "emacs-so-long",
        "evil-markdown": "evil-markdown",
        "evil-org-mode": "evil-org-mode",
        "evil-quick-diff": "evil-quick-diff",
        "explain-pause-mode": "explain-pause-mode",
        "flake-utils": "flake-utils_2",
        "nix-straight": "nix-straight",
        "nixpkgs": "nixpkgs",
        "nose": "nose",
        "ob-racket": "ob-racket",
        "org": "org",
        "org-contrib": "org-contrib",
        "org-yt": "org-yt",
        "php-extras": "php-extras",
        "revealjs": "revealjs",
        "rotate-text": "rotate-text"
      },
      "locked": {
        "lastModified": 1627398156,
        "narHash": "sha256-Ru1aV3NuIFXAsvUE3de8KR7xDZOo1GCBJdsWKJn+Ebw=",
        "owner": "vlaci",
        "repo": "nix-doom-emacs",
        "rev": "fee14d217b7a911aad507679dafbeaa8c1ebf5ff",
        "type": "github"
      },
      "original": {
        "owner": "vlaci",
        "repo": "nix-doom-emacs",
        "type": "github"
      }
    },
    "nix-straight": {
      "flake": false,
      "locked": {
        "lastModified": 1621543597,
        "narHash": "sha256-E/m2Hrw2og//CfOCOWe2yapYC01Tqhozn4YMPYJsC3o=",
        "owner": "vlaci",
        "repo": "nix-straight.el",
        "rev": "8e84d04f10b2298de856b2b8b9a0d13abc91b5ca",
        "type": "github"
      },
      "original": {
        "owner": "vlaci",
        "ref": "v2.2.0",
        "repo": "nix-straight.el",
        "type": "github"
      }
    },
    "nixos-2009": {
      "locked": {
        "lastModified": 1635350005,
        "narHash": "sha256-tAMJnUwfaDEB2aa31jGcu7R7bzGELM9noc91L2PbVjg=",
        "owner": "NixOS",
        "repo": "nixpkgs",
        "rev": "1c1f5649bb9c1b0d98637c8c365228f57126f361",
        "type": "github"
      },
      "original": {
        "owner": "NixOS",
        "ref": "nixos-20.09",
        "repo": "nixpkgs",
        "type": "github"
      }
    },
    "nixos-hardware": {
      "locked": {
        "lastModified": 1639986101,
        "narHash": "sha256-Ow0+pkY7qMw6lMAvR1mEdUT9svJnrkbaRoqp4bkMTpg=",
        "owner": "NixOS",
        "repo": "nixos-hardware",
        "rev": "3f92db38374b2977aea8daf4c4fe2fa0eddbd60c",
        "type": "github"
      },
      "original": {
        "owner": "NixOS",
        "repo": "nixos-hardware",
        "type": "github"
      }
    },
    "nixos-unstable": {
      "locked": {
        "lastModified": 1640249299,
        "narHash": "sha256-6grOp+O4rRam7JzXJn8TKxIphbY/sESL7czAwfye4t8=",
        "owner": "NixOS",
        "repo": "nixpkgs",
        "rev": "41513de1fd8947ef9ad6af465a20b564dc84b6f0",
        "type": "github"
      },
      "original": {
        "owner": "NixOS",
        "ref": "nixos-unstable-small",
        "repo": "nixpkgs",
        "type": "github"
      }
    },
    "nixpkgs": {
      "locked": {
        "lastModified": 1626852498,
        "narHash": "sha256-lOXUJvi0FJUXHTVSiC5qsMRtEUgqM4mGZpMESLuGhmo=",
        "owner": "NixOS",
        "repo": "nixpkgs",
        "rev": "16105403bdd843540cbef9c63fc0f16c1c6eaa70",
        "type": "github"
      },
      "original": {
        "id": "nixpkgs",
        "ref": "nixpkgs-unstable",
        "type": "indirect"
      }
    },
    "nixpkgs_2": {
      "locked": {
        "lastModified": 1640077788,
        "narHash": "sha256-YMSDk3hlucJTTARaHNOeQEF6zEW3A/x4sXgrz94VbS0=",
        "owner": "NixOS",
        "repo": "nixpkgs",
        "rev": "9ab7d12287ced0e1b4c03b61c781901f178d9d77",
        "type": "github"
      },
      "original": {
        "owner": "NixOS",
        "ref": "nixos-21.11",
        "repo": "nixpkgs",
        "type": "github"
      }
    },
    "nixpkgs_3": {
      "locked": {
        "lastModified": 1619531122,
        "narHash": "sha256-ovm5bo6PkZzNKh2YGXbRKYIjega0EjiEP0YDwyeXEYU=",
        "owner": "NixOS",
        "repo": "nixpkgs",
        "rev": "bb80d578e8ad3cb5a607f468ac00cc546d0396dc",
        "type": "github"
      },
      "original": {
        "id": "nixpkgs",
        "type": "indirect"
      }
    },
    "nose": {
      "flake": false,
      "locked": {
        "lastModified": 1400604510,
        "narHash": "sha256-daEi8Kta1oGaDEmUUDDQMahTTPOpvNpDKk22rlr7cB0=",
        "owner": "emacsattic",
        "repo": "nose",
        "rev": "f8528297519eba911696c4e68fa88892de9a7b72",
        "type": "github"
      },
      "original": {
        "owner": "emacsattic",
        "repo": "nose",
        "type": "github"
      }
    },
    "ob-racket": {
      "flake": false,
      "locked": {
        "lastModified": 1584656173,
        "narHash": "sha256-rBUYDDCXb+3D4xTPQo9UocbTPZ32kWV1Uya/1DmZknU=",
        "owner": "xchrishawk",
        "repo": "ob-racket",
        "rev": "83457ec9e1e96a29fd2086ed19432b9d75787673",
        "type": "github"
      },
      "original": {
        "owner": "xchrishawk",
        "repo": "ob-racket",
        "type": "github"
      }
    },
    "org": {
      "flake": false,
      "locked": {
        "lastModified": 1627155762,
        "narHash": "sha256-XS1eA6P0ePabdrnUNe5lN19EA9dfK615gMGObr9wfBQ=",
        "owner": "emacs-straight",
        "repo": "org-mode",
        "rev": "c9dfed48a607c7f6524f1c6480f09cf61a5d6237",
        "type": "github"
      },
      "original": {
        "owner": "emacs-straight",
        "repo": "org-mode",
        "type": "github"
      }
    },
    "org-contrib": {
      "flake": false,
      "locked": {
        "lastModified": 1623339452,
        "narHash": "sha256-E3pioqkmAKQm5N7YsgJZil0/ozkdRE7//tE9FGbrluM=",
        "ref": "master",
        "rev": "fc81309cf6756607a836f93049a9393c2967c4e0",
        "revCount": 2599,
        "type": "git",
        "url": "https://git.sr.ht/~bzg/org-contrib"
      },
      "original": {
        "type": "git",
        "url": "https://git.sr.ht/~bzg/org-contrib"
      }
    },
    "org-yt": {
      "flake": false,
      "locked": {
        "lastModified": 1527381913,
        "narHash": "sha256-dzQ6B7ryzatHCTLyEnRSbWO0VUiX/FHYnpHTs74aVUs=",
        "owner": "TobiasZawada",
        "repo": "org-yt",
        "rev": "40cc1ac76d741055cbefa13860d9f070a7ade001",
        "type": "github"
      },
      "original": {
        "owner": "TobiasZawada",
        "repo": "org-yt",
        "type": "github"
      }
    },
    "php-extras": {
      "flake": false,
      "locked": {
        "lastModified": 1573312690,
        "narHash": "sha256-r4WyVbzvT0ra4Z6JywNBOw5RxOEYd6Qe2IpebHXkj1U=",
        "owner": "arnested",
        "repo": "php-extras",
        "rev": "d410c5af663c30c01d461ac476d1cbfbacb49367",
        "type": "github"
      },
      "original": {
        "owner": "arnested",
        "repo": "php-extras",
        "type": "github"
      }
    },
    "pre-commit-hooks": {
      "inputs": {
        "flake-utils": "flake-utils_3",
        "nixpkgs": "nixpkgs_3"
      },
      "locked": {
        "lastModified": 1639823344,
        "narHash": "sha256-jlsQb2y6A5dB1R0wVPLOfDGM0wLyfYqEJNzMtXuzCXw=",
        "owner": "cachix",
        "repo": "pre-commit-hooks.nix",
        "rev": "ff9c0b459ddc4b79c06e19d44251daa8e9cd1746",
        "type": "github"
      },
      "original": {
        "owner": "cachix",
        "repo": "pre-commit-hooks.nix",
        "type": "github"
      }
    },
    "revealjs": {
      "flake": false,
      "locked": {
        "lastModified": 1625811744,
        "narHash": "sha256-Y67nVqcovn2PbHXmWOFWMq10Qz2ZIRyyWEO6qsZLbIM=",
        "owner": "hakimel",
        "repo": "reveal.js",
        "rev": "b18f12d964ef80bd9ffb061aae48ff4c15fb43ad",
        "type": "github"
      },
      "original": {
        "owner": "hakimel",
        "repo": "reveal.js",
        "type": "github"
      }
    },
    "root": {
      "inputs": {
        "ani-cli": "ani-cli",
        "awesome-copycats": "awesome-copycats",
        "awesome-sharedtags": "awesome-sharedtags",
        "bumblebee-status": "bumblebee-status",
        "chemacs": "chemacs",
        "credentials": "credentials",
        "emacs-overlay": "emacs-overlay",
        "flake-compat": "flake-compat",
        "flake-utils": "flake-utils",
        "fz": "fz",
        "gitignore": "gitignore",
        "home-manager": "home-manager",
        "kakoune-sudo-write": "kakoune-sudo-write",
        "kakoune-text-objects": "kakoune-text-objects",
        "nix-doom-emacs": "nix-doom-emacs",
        "nixos-2009": "nixos-2009",
        "nixos-hardware": "nixos-hardware",
        "nixos-unstable": "nixos-unstable",
        "nixpkgs": "nixpkgs_2",
        "pre-commit-hooks": "pre-commit-hooks"
      }
    },
    "rotate-text": {
      "flake": false,
      "locked": {
        "lastModified": 1322962747,
        "narHash": "sha256-SOeOgSlcEIsKhUiYDJv0p+mLUb420s9E2BmvZQvZ0wk=",
        "owner": "debug-ito",
        "repo": "rotate-text.el",
        "rev": "48f193697db996855aee1ad2bc99b38c6646fe76",
        "type": "github"
      },
      "original": {
        "owner": "debug-ito",
        "repo": "rotate-text.el",
        "type": "github"
      }
    }
  },
  "root": "root",
  "version": 7
}
