{
  "nodes": {
    "all-hies": {
      "flake": false,
      "locked": {
        "lastModified": 1597070901,
        "narHash": "sha256-IgZ/SSxfDXYEcl/vKOEQRaMiARVy9mWzbQGuzi+lgS8=",
        "owner": "Infinisil",
        "repo": "all-hies",
        "rev": "534ac517b386821b787d1edbd855b9966d0c0775",
        "type": "github"
      },
      "original": {
        "owner": "Infinisil",
        "repo": "all-hies",
        "type": "github"
      }
    },
    "awesome-copycats": {
      "flake": false,
      "locked": {
        "lastModified": 1603118243,
        "narHash": "sha256-EysHLq89bya/RWXGhoNnCHv57BLUCScw1YG4qok0wrQ=",
        "owner": "lcpz",
        "repo": "awesome-copycats",
        "rev": "fc134083d1111482c3f6a52f2a8776274b87ff98",
        "type": "github"
      },
      "original": {
        "owner": "lcpz",
        "repo": "awesome-copycats",
        "type": "github"
      }
    },
    "awesome-sharedtags": {
      "flake": false,
      "locked": {
        "lastModified": 1546887126,
        "narHash": "sha256-M9MqKxWC4xxYUfNEaKVJ3/GCNUxz7SPRG/GzWaXYRks=",
        "owner": "Drauthius",
        "repo": "awesome-sharedtags",
        "rev": "32d878d0d12bcfd900f2c6a7516a1370e6ebb7d6",
        "type": "github"
      },
      "original": {
        "owner": "Drauthius",
        "ref": "v4.0",
        "repo": "awesome-sharedtags",
        "type": "github"
      }
    },
    "bumblebee-status": {
      "flake": false,
      "locked": {
        "lastModified": 1593454044,
        "narHash": "sha256-oedFzB/eDn0HKq8+hkv0naXDT5RiTit7Rl0YGTHIG8U=",
        "owner": "tobi-wan-kenobi",
        "repo": "bumblebee-status",
        "rev": "227a23fdb539ff4170e747add2d594e860c0c801",
        "type": "github"
      },
      "original": {
        "owner": "tobi-wan-kenobi",
        "ref": "v2.0.5",
        "repo": "bumblebee-status",
        "type": "github"
      }
    },
    "flake-utils": {
      "locked": {
        "lastModified": 1610051610,
        "narHash": "sha256-U9rPz/usA1/Aohhk7Cmc2gBrEEKRzcW4nwPWMPwja4Y=",
        "owner": "numtide",
        "repo": "flake-utils",
        "rev": "3982c9903e93927c2164caa727cd3f6a0e6d14cc",
        "type": "github"
      },
      "original": {
        "owner": "numtide",
        "repo": "flake-utils",
        "type": "github"
      }
    },
    "fz": {
      "flake": false,
      "locked": {
        "lastModified": 1550862515,
        "narHash": "sha256-ZxzutcOQzXVtJ1yUOmjCMJoUQy137e4kdNBDzN4AfHQ=",
        "owner": "changyuheng",
        "repo": "fz",
        "rev": "ae0cd3ab0f0daebc80256f1236eda3a3283e4c1c",
        "type": "github"
      },
      "original": {
        "owner": "changyuheng",
        "repo": "fz",
        "type": "github"
      }
    },
    "gitignore": {
      "flake": false,
      "locked": {
        "lastModified": 1594969032,
        "narHash": "sha256-nbZfz02QoVe1yYK7EtCV7wMi4VdHzZEoPg20ZSDo9to=",
        "owner": "hercules-ci",
        "repo": "gitignore",
        "rev": "c4662e662462e7bf3c2a968483478a665d00e717",
        "type": "github"
      },
      "original": {
        "owner": "hercules-ci",
        "repo": "gitignore",
        "type": "github"
      }
    },
    "home-manager": {
      "flake": false,
      "locked": {
        "lastModified": 1609010567,
        "narHash": "sha256-N6WslRAtrvCPCpQnxQqo+VlSivX/KylL9Xy/OZr0kMg=",
        "owner": "rycee",
        "repo": "home-manager",
        "rev": "22f6736e628958f05222ddaadd7df7818fe8f59d",
        "type": "github"
      },
      "original": {
        "owner": "rycee",
        "ref": "release-20.09",
        "repo": "home-manager",
        "type": "github"
      }
    },
    "kakoune-sudo-write": {
      "flake": false,
      "locked": {
        "lastModified": 1594109761,
        "narHash": "sha256-SQQIFkWVOvKC//586YoU1qUIOow5jeBOrHPAjXWHZhU=",
        "owner": "occivink",
        "repo": "kakoune-sudo-write",
        "rev": "abe6bd6d6e111957d7e84e790e682955b8b319c6",
        "type": "github"
      },
      "original": {
        "owner": "occivink",
        "repo": "kakoune-sudo-write",
        "type": "github"
      }
    },
    "kakoune-text-objects": {
      "flake": false,
      "locked": {
        "lastModified": 1570893599,
        "narHash": "sha256-zkMu0TetdPL8p/qzzekIUIqJm0apeK3JNPxxMT6gv2E=",
        "owner": "Delapouite",
        "repo": "kakoune-text-objects",
        "rev": "aacd554982ba9a7a77a788817bb8ee2e1b380ee7",
        "type": "github"
      },
      "original": {
        "owner": "Delapouite",
        "repo": "kakoune-text-objects",
        "type": "github"
      }
    },
    "nix-doom-emacs": {
      "flake": false,
      "locked": {
        "lastModified": 1608990590,
        "narHash": "sha256-6z046Pzy1Z/sT19PEoMrxQkYq2FAxqT3lOGqJqUt7Q0=",
        "owner": "vlaci",
        "repo": "nix-doom-emacs",
        "rev": "19da6badaac68e4b4247e07a92e749a7a473286d",
        "type": "github"
      },
      "original": {
        "owner": "vlaci",
        "repo": "nix-doom-emacs",
        "type": "github"
      }
    },
    "nixos-unstable": {
      "locked": {
        "lastModified": 1610041835,
        "narHash": "sha256-WXWaMt8W746JDgLls4g3AfCuKbcQUNL/YjikJIgsCGQ=",
        "owner": "NixOS",
        "repo": "nixpkgs",
        "rev": "f211631c1cb3e94828c7650b5d12c1e5a89e0e16",
        "type": "github"
      },
      "original": {
        "owner": "NixOS",
        "ref": "nixos-unstable",
        "repo": "nixpkgs",
        "type": "github"
      }
    },
    "nixpkgs": {
      "locked": {
        "lastModified": 1610124236,
        "narHash": "sha256-jLUcft5MxVuYL0gQIgS55cPLdF2R7p736zpXecZNLes=",
        "owner": "NixOS",
        "repo": "nixpkgs",
        "rev": "0cfd08f4881bbfdaa57e68835b923d4290588d98",
        "type": "github"
      },
      "original": {
        "owner": "NixOS",
        "ref": "nixos-20.09",
        "repo": "nixpkgs",
        "type": "github"
      }
    },
    "root": {
      "inputs": {
        "all-hies": "all-hies",
        "awesome-copycats": "awesome-copycats",
        "awesome-sharedtags": "awesome-sharedtags",
        "bumblebee-status": "bumblebee-status",
        "flake-utils": "flake-utils",
        "fz": "fz",
        "gitignore": "gitignore",
        "home-manager": "home-manager",
        "kakoune-sudo-write": "kakoune-sudo-write",
        "kakoune-text-objects": "kakoune-text-objects",
        "nix-doom-emacs": "nix-doom-emacs",
        "nixos-unstable": "nixos-unstable",
        "nixpkgs": "nixpkgs"
      }
    }
  },
  "root": "root",
  "version": 7
}
