{
  "nodes": {
    "awesome-copycats": {
      "flake": false,
      "locked": {
        "lastModified": 1630236893,
        "narHash": "sha256-QEl+lr+66bIH2a3G7FHMoNCOwiubhYp/Tox9MnASJI4=",
        "owner": "lcpz",
        "repo": "awesome-copycats",
        "rev": "7371820abb5900372045327c37bba1f46c78ac28",
        "type": "github"
      },
      "original": {
        "owner": "lcpz",
        "repo": "awesome-copycats",
        "type": "github"
      }
    },
    "awesome-sharedtags": {
      "flake": false,
      "locked": {
        "lastModified": 1611997888,
        "narHash": "sha256-3cX1uNRgwXJPUKm4lOQPGKuzaRLOHOlqixsiwg/f+Tg=",
        "owner": "Drauthius",
        "repo": "awesome-sharedtags",
        "rev": "9cf8f90004f37d7987e2cd4d82b8456deed9ef85",
        "type": "github"
      },
      "original": {
        "owner": "Drauthius",
        "ref": "v4.0",
        "repo": "awesome-sharedtags",
        "type": "github"
      }
    },
    "bumblebee-status": {
      "flake": false,
      "locked": {
        "lastModified": 1593454044,
        "narHash": "sha256-oedFzB/eDn0HKq8+hkv0naXDT5RiTit7Rl0YGTHIG8U=",
        "owner": "tobi-wan-kenobi",
        "repo": "bumblebee-status",
        "rev": "227a23fdb539ff4170e747add2d594e860c0c801",
        "type": "github"
      },
      "original": {
        "owner": "tobi-wan-kenobi",
        "ref": "v2.0.5",
        "repo": "bumblebee-status",
        "type": "github"
      }
    },
    "chemacs": {
      "flake": false,
      "locked": {
        "lastModified": 1621609489,
        "narHash": "sha256-uAEAu7RJdxRKMn51eTytGO4KPMy5IolOS5Ow3oxS5L0=",
        "owner": "plexus",
        "repo": "chemacs2",
        "rev": "ef82118824fac2b2363d3171d26acbabe1738326",
        "type": "github"
      },
      "original": {
        "owner": "plexus",
        "repo": "chemacs2",
        "type": "github"
      }
    },
    "credentials": {
      "flake": false,
      "locked": {
        "lastModified": 1633429412,
        "narHash": "sha256-Ai0XCxuhzmNKMXhZN3dj7JnlNKh7ymtJ+CcdbRvoeEw=",
        "ref": "master",
        "rev": "4b56806a620a6674b9619e69038e156189ef6614",
        "revCount": 3,
        "type": "git",
        "url": "file:///home/adomas/credentials-nix"
      },
      "original": {
        "type": "git",
        "url": "file:///home/adomas/credentials-nix"
      }
    },
    "doom-emacs": {
      "flake": false,
      "locked": {
        "lastModified": 1626604817,
        "narHash": "sha256-z+dvjB02cHU+VQ5EMkzqSdX817PZar9AkmmfK27q0vo=",
        "owner": "hlissner",
        "repo": "doom-emacs",
        "rev": "46732c0adaef147144418f9f284ca6b1183ab96f",
        "type": "github"
      },
      "original": {
        "owner": "hlissner",
        "ref": "develop",
        "repo": "doom-emacs",
        "type": "github"
      }
    },
    "doom-snippets": {
      "flake": false,
      "locked": {
        "lastModified": 1625547004,
        "narHash": "sha256-V+ytAjB4ZZ+5dJJAu1OY7SbnqrokX5PVBWs0AsgQ8Vs=",
        "owner": "hlissner",
        "repo": "doom-snippets",
        "rev": "5c0eb5bd70f035cefb981c2ce64f4367498bdda6",
        "type": "github"
      },
      "original": {
        "owner": "hlissner",
        "repo": "doom-snippets",
        "type": "github"
      }
    },
    "emacs-overlay": {
      "locked": {
        "lastModified": 1632992735,
        "narHash": "sha256-EuqMxgREM2lNk7JLyHfl5732gjW6pZJurgmKWWUo6ow=",
        "owner": "nix-community",
        "repo": "emacs-overlay",
        "rev": "5fa26165cf34adbe693b159093ea15f24f7f7ea4",
        "type": "github"
      },
      "original": {
        "owner": "nix-community",
        "repo": "emacs-overlay",
        "type": "github"
      }
    },
    "emacs-overlay_2": {
      "flake": false,
      "locked": {
        "lastModified": 1626972035,
        "narHash": "sha256-YhBtnKmLDYiEzP5ZEMEQMg6oMP5EV+ToCkku7ZYfL+A=",
        "owner": "nix-community",
        "repo": "emacs-overlay",
        "rev": "be04b45efb35db58e6ac6aa86b84f850c85b5dfe",
        "type": "github"
      },
      "original": {
        "owner": "nix-community",
        "repo": "emacs-overlay",
        "type": "github"
      }
    },
    "emacs-so-long": {
      "flake": false,
      "locked": {
        "lastModified": 1575031854,
        "narHash": "sha256-xIa5zO0ZaToDrec1OFjBK6l39AbA4l/CE4LInVu2hi0=",
        "owner": "hlissner",
        "repo": "emacs-so-long",
        "rev": "ed666b0716f60e8988c455804de24b55919e71ca",
        "type": "github"
      },
      "original": {
        "owner": "hlissner",
        "repo": "emacs-so-long",
        "type": "github"
      }
    },
    "evil-markdown": {
      "flake": false,
      "locked": {
        "lastModified": 1626852210,
        "narHash": "sha256-HBBuZ1VWIn6kwK5CtGIvHM1+9eiNiKPH0GUsyvpUVN8=",
        "owner": "Somelauw",
        "repo": "evil-markdown",
        "rev": "8e6cc68af83914b2fa9fd3a3b8472573dbcef477",
        "type": "github"
      },
      "original": {
        "owner": "Somelauw",
        "repo": "evil-markdown",
        "type": "github"
      }
    },
    "evil-org-mode": {
      "flake": false,
      "locked": {
        "lastModified": 1607203864,
        "narHash": "sha256-JxwqVYDN6OIJEH15MVI6XOZAPtUWUhJQWHyzcrUvrFg=",
        "owner": "hlissner",
        "repo": "evil-org-mode",
        "rev": "a9706da260c45b98601bcd72b1d2c0a24a017700",
        "type": "github"
      },
      "original": {
        "owner": "hlissner",
        "repo": "evil-org-mode",
        "type": "github"
      }
    },
    "evil-quick-diff": {
      "flake": false,
      "locked": {
        "lastModified": 1575189609,
        "narHash": "sha256-oGzl1ayW9rIuq0haoiFS7RZsS8NFMdEA7K1BSozgnJU=",
        "owner": "rgrinberg",
        "repo": "evil-quick-diff",
        "rev": "69c883720b30a892c63bc89f49d4f0e8b8028908",
        "type": "github"
      },
      "original": {
        "owner": "rgrinberg",
        "repo": "evil-quick-diff",
        "type": "github"
      }
    },
    "explain-pause-mode": {
      "flake": false,
      "locked": {
        "lastModified": 1595842060,
        "narHash": "sha256-++znrjiDSx+cy4okFBBXUBkRFdtnE2x+trkmqjB3Njs=",
        "owner": "lastquestion",
        "repo": "explain-pause-mode",
        "rev": "2356c8c3639cbeeb9751744dbe737267849b4b51",
        "type": "github"
      },
      "original": {
        "owner": "lastquestion",
        "repo": "explain-pause-mode",
        "type": "github"
      }
    },
    "flake-compat": {
      "flake": false,
      "locked": {
        "lastModified": 1627913399,
        "narHash": "sha256-hY8g6H2KFL8ownSiFeMOjwPC8P0ueXpCVEbxgda3pko=",
        "owner": "edolstra",
        "repo": "flake-compat",
        "rev": "12c64ca55c1014cdc1b16ed5a804aa8576601ff2",
        "type": "github"
      },
      "original": {
        "owner": "edolstra",
        "repo": "flake-compat",
        "type": "github"
      }
    },
    "flake-utils": {
      "locked": {
        "lastModified": 1631561581,
        "narHash": "sha256-3VQMV5zvxaVLvqqUrNz3iJelLw30mIVSfZmAaauM3dA=",
        "owner": "numtide",
        "repo": "flake-utils",
        "rev": "7e5bf3925f6fbdfaf50a2a7ca0be2879c4261d19",
        "type": "github"
      },
      "original": {
        "owner": "numtide",
        "repo": "flake-utils",
        "type": "github"
      }
    },
    "flake-utils_2": {
      "locked": {
        "lastModified": 1623875721,
        "narHash": "sha256-A8BU7bjS5GirpAUv4QA+QnJ4CceLHkcXdRp4xITDB0s=",
        "owner": "numtide",
        "repo": "flake-utils",
        "rev": "f7e004a55b120c02ecb6219596820fcd32ca8772",
        "type": "github"
      },
      "original": {
        "owner": "numtide",
        "repo": "flake-utils",
        "type": "github"
      }
    },
    "flake-utils_3": {
      "locked": {
        "lastModified": 1619345332,
        "narHash": "sha256-qHnQkEp1uklKTpx3MvKtY6xzgcqXDsz5nLilbbuL+3A=",
        "owner": "numtide",
        "repo": "flake-utils",
        "rev": "2ebf2558e5bf978c7fb8ea927dfaed8fefab2e28",
        "type": "github"
      },
      "original": {
        "owner": "numtide",
        "repo": "flake-utils",
        "type": "github"
      }
    },
    "fz": {
      "flake": false,
      "locked": {
        "lastModified": 1614850203,
        "narHash": "sha256-RAkhNAqMjNVCjwJ7Vca1CHO52392B4NZ1USNy5BQ4jk=",
        "owner": "changyuheng",
        "repo": "fz",
        "rev": "2a4c1bc73664bb938bfcc7c99f473d0065f9dbfd",
        "type": "github"
      },
      "original": {
        "owner": "changyuheng",
        "repo": "fz",
        "type": "github"
      }
    },
    "gitignore": {
      "flake": false,
      "locked": {
        "lastModified": 1632996366,
        "narHash": "sha256-G5Rg90C9I5FFoG6kcgGFLFAxXp1bb5SDQpw4SmDNZNA=",
        "owner": "hercules-ci",
        "repo": "gitignore",
        "rev": "80463148cd97eebacf80ba68cf0043598f0d7438",
        "type": "github"
      },
      "original": {
        "owner": "hercules-ci",
        "repo": "gitignore",
        "type": "github"
      }
    },
    "home-manager": {
      "inputs": {
        "nixpkgs": [
          "nixpkgs"
        ]
      },
      "locked": {
        "lastModified": 1631573611,
        "narHash": "sha256-u2E/wstadWNcn6vOIoK1xY86QPOzzBZQfT1FbePfdaI=",
        "owner": "nix-community",
        "repo": "home-manager",
        "rev": "7d9ba15214004c979d2c8733f8be12ce6502cf8a",
        "type": "github"
      },
      "original": {
        "owner": "nix-community",
        "ref": "release-21.05",
        "repo": "home-manager",
        "type": "github"
      }
    },
    "kakoune-sudo-write": {
      "flake": false,
      "locked": {
        "lastModified": 1629101282,
        "narHash": "sha256-O+yw8upyYnQThDoWKnFbjrjthPTCm6EaBUoJNqpUPLA=",
        "owner": "occivink",
        "repo": "kakoune-sudo-write",
        "rev": "ec0d6d26ceaadd93d6824630ba587b31e442214d",
        "type": "github"
      },
      "original": {
        "owner": "occivink",
        "repo": "kakoune-sudo-write",
        "type": "github"
      }
    },
    "kakoune-text-objects": {
      "flake": false,
      "locked": {
        "lastModified": 1628261929,
        "narHash": "sha256-kuef+hxz/QisHL1UL6XKMcPq+OAq09wUT8thDhqee8Q=",
        "owner": "Delapouite",
        "repo": "kakoune-text-objects",
        "rev": "da9a268c3f239e40e0ca4665faa17f709563795b",
        "type": "github"
      },
      "original": {
        "owner": "Delapouite",
        "repo": "kakoune-text-objects",
        "type": "github"
      }
    },
    "nix-doom-emacs": {
      "inputs": {
        "doom-emacs": "doom-emacs",
        "doom-snippets": "doom-snippets",
        "emacs-overlay": "emacs-overlay_2",
        "emacs-so-long": "emacs-so-long",
        "evil-markdown": "evil-markdown",
        "evil-org-mode": "evil-org-mode",
        "evil-quick-diff": "evil-quick-diff",
        "explain-pause-mode": "explain-pause-mode",
        "flake-utils": "flake-utils_2",
        "nix-straight": "nix-straight",
        "nixpkgs": "nixpkgs",
        "nose": "nose",
        "ob-racket": "ob-racket",
        "org": "org",
        "org-contrib": "org-contrib",
        "org-yt": "org-yt",
        "php-extras": "php-extras",
        "revealjs": "revealjs",
        "rotate-text": "rotate-text"
      },
      "locked": {
        "lastModified": 1627398156,
        "narHash": "sha256-Ru1aV3NuIFXAsvUE3de8KR7xDZOo1GCBJdsWKJn+Ebw=",
        "owner": "vlaci",
        "repo": "nix-doom-emacs",
        "rev": "fee14d217b7a911aad507679dafbeaa8c1ebf5ff",
        "type": "github"
      },
      "original": {
        "owner": "vlaci",
        "repo": "nix-doom-emacs",
        "type": "github"
      }
    },
    "nix-straight": {
      "flake": false,
      "locked": {
        "lastModified": 1621543597,
        "narHash": "sha256-E/m2Hrw2og//CfOCOWe2yapYC01Tqhozn4YMPYJsC3o=",
        "owner": "vlaci",
        "repo": "nix-straight.el",
        "rev": "8e84d04f10b2298de856b2b8b9a0d13abc91b5ca",
        "type": "github"
      },
      "original": {
        "owner": "vlaci",
        "ref": "v2.2.0",
        "repo": "nix-straight.el",
        "type": "github"
      }
    },
    "nixos-2009": {
      "locked": {
        "lastModified": 1632408697,
        "narHash": "sha256-JqTfu361AwFmV0WszXLAjfukqGxBbHRopRgdp9A2w8s=",
        "owner": "NixOS",
        "repo": "nixpkgs",
        "rev": "a13824fe5e38187fbc75cd598b5c06bdcc13501f",
        "type": "github"
      },
      "original": {
        "owner": "NixOS",
        "ref": "nixos-20.09",
        "repo": "nixpkgs",
        "type": "github"
      }
    },
    "nixos-hardware": {
      "locked": {
        "lastModified": 1632990363,
        "narHash": "sha256-SNqz+9Vt4yDHqw8u/CMFdzMQTulKoMlVGJdshfcb5O0=",
        "owner": "NixOS",
        "repo": "nixos-hardware",
        "rev": "0a8b8054c9920368a3c15e6d766188fdf04b736f",
        "type": "github"
      },
      "original": {
        "owner": "NixOS",
        "repo": "nixos-hardware",
        "type": "github"
      }
    },
    "nixos-unstable": {
      "locked": {
        "lastModified": 1632925901,
        "narHash": "sha256-SbSOn3pIH5bq85x8R1MF8WuQltPOT4XXsiNIxrMHSt4=",
        "owner": "NixOS",
        "repo": "nixpkgs",
        "rev": "96606addcedb821d311c701788062b8864346838",
        "type": "github"
      },
      "original": {
        "owner": "NixOS",
        "ref": "nixos-unstable-small",
        "repo": "nixpkgs",
        "type": "github"
      }
    },
    "nixpkgs": {
      "locked": {
        "lastModified": 1626852498,
        "narHash": "sha256-lOXUJvi0FJUXHTVSiC5qsMRtEUgqM4mGZpMESLuGhmo=",
        "owner": "NixOS",
        "repo": "nixpkgs",
        "rev": "16105403bdd843540cbef9c63fc0f16c1c6eaa70",
        "type": "github"
      },
      "original": {
        "id": "nixpkgs",
        "ref": "nixpkgs-unstable",
        "type": "indirect"
      }
    },
    "nixpkgs_2": {
      "locked": {
        "lastModified": 1632918953,
        "narHash": "sha256-XY3TKBfhP7wCu/SeqrwIkTWkyYHy5W1yRR8pxyzRY9Y=",
        "owner": "NixOS",
        "repo": "nixpkgs",
        "rev": "ee90403e147b181300dffca5b0afa405e14f1945",
        "type": "github"
      },
      "original": {
        "owner": "NixOS",
        "ref": "nixos-21.05",
        "repo": "nixpkgs",
        "type": "github"
      }
    },
    "nixpkgs_3": {
      "locked": {
        "lastModified": 1619531122,
        "narHash": "sha256-ovm5bo6PkZzNKh2YGXbRKYIjega0EjiEP0YDwyeXEYU=",
        "owner": "NixOS",
        "repo": "nixpkgs",
        "rev": "bb80d578e8ad3cb5a607f468ac00cc546d0396dc",
        "type": "github"
      },
      "original": {
        "id": "nixpkgs",
        "type": "indirect"
      }
    },
    "nose": {
      "flake": false,
      "locked": {
        "lastModified": 1400604510,
        "narHash": "sha256-daEi8Kta1oGaDEmUUDDQMahTTPOpvNpDKk22rlr7cB0=",
        "owner": "emacsattic",
        "repo": "nose",
        "rev": "f8528297519eba911696c4e68fa88892de9a7b72",
        "type": "github"
      },
      "original": {
        "owner": "emacsattic",
        "repo": "nose",
        "type": "github"
      }
    },
    "ob-racket": {
      "flake": false,
      "locked": {
        "lastModified": 1584656173,
        "narHash": "sha256-rBUYDDCXb+3D4xTPQo9UocbTPZ32kWV1Uya/1DmZknU=",
        "owner": "xchrishawk",
        "repo": "ob-racket",
        "rev": "83457ec9e1e96a29fd2086ed19432b9d75787673",
        "type": "github"
      },
      "original": {
        "owner": "xchrishawk",
        "repo": "ob-racket",
        "type": "github"
      }
    },
    "org": {
      "flake": false,
      "locked": {
        "lastModified": 1627155762,
        "narHash": "sha256-XS1eA6P0ePabdrnUNe5lN19EA9dfK615gMGObr9wfBQ=",
        "owner": "emacs-straight",
        "repo": "org-mode",
        "rev": "c9dfed48a607c7f6524f1c6480f09cf61a5d6237",
        "type": "github"
      },
      "original": {
        "owner": "emacs-straight",
        "repo": "org-mode",
        "type": "github"
      }
    },
    "org-contrib": {
      "flake": false,
      "locked": {
        "lastModified": 1623339452,
        "narHash": "sha256-E3pioqkmAKQm5N7YsgJZil0/ozkdRE7//tE9FGbrluM=",
        "ref": "master",
        "rev": "fc81309cf6756607a836f93049a9393c2967c4e0",
        "revCount": 2599,
        "type": "git",
        "url": "https://git.sr.ht/~bzg/org-contrib"
      },
      "original": {
        "type": "git",
        "url": "https://git.sr.ht/~bzg/org-contrib"
      }
    },
    "org-yt": {
      "flake": false,
      "locked": {
        "lastModified": 1527381913,
        "narHash": "sha256-dzQ6B7ryzatHCTLyEnRSbWO0VUiX/FHYnpHTs74aVUs=",
        "owner": "TobiasZawada",
        "repo": "org-yt",
        "rev": "40cc1ac76d741055cbefa13860d9f070a7ade001",
        "type": "github"
      },
      "original": {
        "owner": "TobiasZawada",
        "repo": "org-yt",
        "type": "github"
      }
    },
    "php-extras": {
      "flake": false,
      "locked": {
        "lastModified": 1573312690,
        "narHash": "sha256-r4WyVbzvT0ra4Z6JywNBOw5RxOEYd6Qe2IpebHXkj1U=",
        "owner": "arnested",
        "repo": "php-extras",
        "rev": "d410c5af663c30c01d461ac476d1cbfbacb49367",
        "type": "github"
      },
      "original": {
        "owner": "arnested",
        "repo": "php-extras",
        "type": "github"
      }
    },
    "pre-commit-hooks": {
      "inputs": {
        "flake-utils": "flake-utils_3",
        "nixpkgs": "nixpkgs_3"
      },
      "locked": {
        "lastModified": 1631170176,
        "narHash": "sha256-RLN/kur2Kpxt0cJp0Fms8ixuGpT8IHX0OpeQ8u8f0X4=",
        "owner": "cachix",
        "repo": "pre-commit-hooks.nix",
        "rev": "3ed0e618cebc1ff291c27b749cf7568959cac028",
        "type": "github"
      },
      "original": {
        "owner": "cachix",
        "repo": "pre-commit-hooks.nix",
        "type": "github"
      }
    },
    "revealjs": {
      "flake": false,
      "locked": {
        "lastModified": 1625811744,
        "narHash": "sha256-Y67nVqcovn2PbHXmWOFWMq10Qz2ZIRyyWEO6qsZLbIM=",
        "owner": "hakimel",
        "repo": "reveal.js",
        "rev": "b18f12d964ef80bd9ffb061aae48ff4c15fb43ad",
        "type": "github"
      },
      "original": {
        "owner": "hakimel",
        "repo": "reveal.js",
        "type": "github"
      }
    },
    "root": {
      "inputs": {
        "awesome-copycats": "awesome-copycats",
        "awesome-sharedtags": "awesome-sharedtags",
        "bumblebee-status": "bumblebee-status",
        "chemacs": "chemacs",
        "credentials": "credentials",
        "emacs-overlay": "emacs-overlay",
        "flake-compat": "flake-compat",
        "flake-utils": "flake-utils",
        "fz": "fz",
        "gitignore": "gitignore",
        "home-manager": "home-manager",
        "kakoune-sudo-write": "kakoune-sudo-write",
        "kakoune-text-objects": "kakoune-text-objects",
        "nix-doom-emacs": "nix-doom-emacs",
        "nixos-2009": "nixos-2009",
        "nixos-hardware": "nixos-hardware",
        "nixos-unstable": "nixos-unstable",
        "nixpkgs": "nixpkgs_2",
        "pre-commit-hooks": "pre-commit-hooks"
      }
    },
    "rotate-text": {
      "flake": false,
      "locked": {
        "lastModified": 1322962747,
        "narHash": "sha256-SOeOgSlcEIsKhUiYDJv0p+mLUb420s9E2BmvZQvZ0wk=",
        "owner": "debug-ito",
        "repo": "rotate-text.el",
        "rev": "48f193697db996855aee1ad2bc99b38c6646fe76",
        "type": "github"
      },
      "original": {
        "owner": "debug-ito",
        "repo": "rotate-text.el",
        "type": "github"
      }
    }
  },
  "root": "root",
  "version": 7
}
